
Microsoft Visual Studio Solution File, Format Version 12.00
# Visual Studio 15
VisualStudioVersion = 15.0.27130.2026
MinimumVisualStudioVersion = 10.0.40219.1
Project("{FAE04EC0-301F-11D3-BF4B-00C04F79EFBC}") = "FizzBuzz", "FizzBuzz\FizzBuzz.csproj", "{D17430C1-A4E5-485B-B6C5-7CD50B80EF3C}"
EndProject
Global
	GlobalSection(SolutionConfigurationPlatforms) = preSolution
		Debug|Any CPU = Debug|Any CPU
		Release|Any CPU = Release|Any CPU
	EndGlobalSection
	GlobalSection(ProjectConfigurationPlatforms) = postSolution
		{D17430C1-A4E5-485B-B6C5-7CD50B80EF3C}.Debug|Any CPU.ActiveCfg = Debug|Any CPU
		{D17430C1-A4E5-485B-B6C5-7CD50B80EF3C}.Debug|Any CPU.Build.0 = Debug|Any CPU
		{D17430C1-A4E5-485B-B6C5-7CD50B80EF3C}.Release|Any CPU.ActiveCfg = Release|Any CPU
		{D17430C1-A4E5-485B-B6C5-7CD50B80EF3C}.Release|Any CPU.Build.0 = Release|Any CPU
	EndGlobalSection
	GlobalSection(SolutionProperties) = preSolution
		HideSolutionNode = FALSE
	EndGlobalSection
	GlobalSection(ExtensibilityGlobals) = postSolution
		SolutionGuid = {2AC46441-CD27-422E-8484-19FC12CD8117}
	EndGlobalSection
EndGlobal
